
Microsoft Visual Studio Solution File, Format Version 12.00
# Visual Studio Version 17
VisualStudioVersion = 17.5.33424.131
MinimumVisualStudioVersion = 10.0.40219.1
Project("{FAE04EC0-301F-11D3-BF4B-00C04F79EFBC}") = "WebRpg.Server", "Server\WebRpg.Server.csproj", "{0BE6D024-DFCE-40B9-ACF9-75FD49B915F2}"
EndProject
Project("{FAE04EC0-301F-11D3-BF4B-00C04F79EFBC}") = "WebRpg.Client", "Client\WebRpg.Client.csproj", "{2AF70750-8A6F-4660-BED2-A23A03B93460}"
EndProject
Project("{FAE04EC0-301F-11D3-BF4B-00C04F79EFBC}") = "WebRpg.Shared", "Shared\WebRpg.Shared.csproj", "{5AA9B114-36A7-4C94-BBB8-B520C0087BC1}"
EndProject
Global
	GlobalSection(SolutionConfigurationPlatforms) = preSolution
		Debug|Any CPU = Debug|Any CPU
		Release|Any CPU = Release|Any CPU
	EndGlobalSection
	GlobalSection(ProjectConfigurationPlatforms) = postSolution
		{0BE6D024-DFCE-40B9-ACF9-75FD49B915F2}.Debug|Any CPU.ActiveCfg = Debug|Any CPU
		{0BE6D024-DFCE-40B9-ACF9-75FD49B915F2}.Debug|Any CPU.Build.0 = Debug|Any CPU
		{0BE6D024-DFCE-40B9-ACF9-75FD49B915F2}.Release|Any CPU.ActiveCfg = Release|Any CPU
		{0BE6D024-DFCE-40B9-ACF9-75FD49B915F2}.Release|Any CPU.Build.0 = Release|Any CPU
		{2AF70750-8A6F-4660-BED2-A23A03B93460}.Debug|Any CPU.ActiveCfg = Debug|Any CPU
		{2AF70750-8A6F-4660-BED2-A23A03B93460}.Debug|Any CPU.Build.0 = Debug|Any CPU
		{2AF70750-8A6F-4660-BED2-A23A03B93460}.Release|Any CPU.ActiveCfg = Release|Any CPU
		{2AF70750-8A6F-4660-BED2-A23A03B93460}.Release|Any CPU.Build.0 = Release|Any CPU
		{5AA9B114-36A7-4C94-BBB8-B520C0087BC1}.Debug|Any CPU.ActiveCfg = Debug|Any CPU
		{5AA9B114-36A7-4C94-BBB8-B520C0087BC1}.Debug|Any CPU.Build.0 = Debug|Any CPU
		{5AA9B114-36A7-4C94-BBB8-B520C0087BC1}.Release|Any CPU.ActiveCfg = Release|Any CPU
		{5AA9B114-36A7-4C94-BBB8-B520C0087BC1}.Release|Any CPU.Build.0 = Release|Any CPU
	EndGlobalSection
	GlobalSection(SolutionProperties) = preSolution
		HideSolutionNode = FALSE
	EndGlobalSection
	GlobalSection(ExtensibilityGlobals) = postSolution
		SolutionGuid = {FF2EC514-7493-4580-9CBD-D67799CEEEDE}
	EndGlobalSection
EndGlobal
